
Microsoft Visual Studio Solution File, Format Version 12.00
# Visual Studio Version 17
VisualStudioVersion = 17.2.32616.157
MinimumVisualStudioVersion = 10.0.40219.1
Project("{FAE04EC0-301F-11D3-BF4B-00C04F79EFBC}") = "Programa_para_Nota", "Programa_para_Nota\Programa_para_Nota.csproj", "{2C29017E-7616-450B-B475-38BAF1F6BD95}"
EndProject
Global
	GlobalSection(SolutionConfigurationPlatforms) = preSolution
		Debug|Any CPU = Debug|Any CPU
		Release|Any CPU = Release|Any CPU
	EndGlobalSection
	GlobalSection(ProjectConfigurationPlatforms) = postSolution
		{2C29017E-7616-450B-B475-38BAF1F6BD95}.Debug|Any CPU.ActiveCfg = Debug|Any CPU
		{2C29017E-7616-450B-B475-38BAF1F6BD95}.Debug|Any CPU.Build.0 = Debug|Any CPU
		{2C29017E-7616-450B-B475-38BAF1F6BD95}.Release|Any CPU.ActiveCfg = Release|Any CPU
		{2C29017E-7616-450B-B475-38BAF1F6BD95}.Release|Any CPU.Build.0 = Release|Any CPU
	EndGlobalSection
	GlobalSection(SolutionProperties) = preSolution
		HideSolutionNode = FALSE
	EndGlobalSection
	GlobalSection(ExtensibilityGlobals) = postSolution
		SolutionGuid = {AB006E63-72DD-43F1-A40C-988FD330E26C}
	EndGlobalSection
EndGlobal
